
Microsoft Visual Studio Solution File, Format Version 12.00
# Visual Studio Version 16
VisualStudioVersion = 16.0.29721.120
MinimumVisualStudioVersion = 10.0.40219.1
Project("{9A19103F-16F7-4668-BE54-9A1E7A4F7556}") = "Hippra", "Hippra\Hippra.csproj", "{9BF039FE-6269-494D-A2D6-6B8C673AB37C}"
EndProject
Project("{9A19103F-16F7-4668-BE54-9A1E7A4F7556}") = "FTEmailService", "FTEmailService\FTEmailService.csproj", "{D2256DB3-8F77-4CD0-B1CB-60B893249919}"
EndProject
Global
	GlobalSection(SolutionConfigurationPlatforms) = preSolution
		Debug|Any CPU = Debug|Any CPU
		Release|Any CPU = Release|Any CPU
	EndGlobalSection
	GlobalSection(ProjectConfigurationPlatforms) = postSolution
		{9BF039FE-6269-494D-A2D6-6B8C673AB37C}.Debug|Any CPU.ActiveCfg = Debug|Any CPU
		{9BF039FE-6269-494D-A2D6-6B8C673AB37C}.Debug|Any CPU.Build.0 = Debug|Any CPU
		{9BF039FE-6269-494D-A2D6-6B8C673AB37C}.Release|Any CPU.ActiveCfg = Release|Any CPU
		{9BF039FE-6269-494D-A2D6-6B8C673AB37C}.Release|Any CPU.Build.0 = Release|Any CPU
		{D2256DB3-8F77-4CD0-B1CB-60B893249919}.Debug|Any CPU.ActiveCfg = Debug|Any CPU
		{D2256DB3-8F77-4CD0-B1CB-60B893249919}.Debug|Any CPU.Build.0 = Debug|Any CPU
		{D2256DB3-8F77-4CD0-B1CB-60B893249919}.Release|Any CPU.ActiveCfg = Release|Any CPU
		{D2256DB3-8F77-4CD0-B1CB-60B893249919}.Release|Any CPU.Build.0 = Release|Any CPU
	EndGlobalSection
	GlobalSection(SolutionProperties) = preSolution
		HideSolutionNode = FALSE
	EndGlobalSection
	GlobalSection(ExtensibilityGlobals) = postSolution
		SolutionGuid = {7AAEF314-0FC8-4583-9C7A-A913CD8D4253}
	EndGlobalSection
EndGlobal
